
Microsoft Visual Studio Solution File, Format Version 12.00
# Visual Studio Version 17
VisualStudioVersion = 17.1.32328.378
MinimumVisualStudioVersion = 10.0.40219.1
Project("{FAE04EC0-301F-11D3-BF4B-00C04F79EFBC}") = "Ass5AddEmp", "Ass5AddEmp\Ass5AddEmp.csproj", "{7F61EC6C-71AC-43C6-973C-A6598D81B073}"
EndProject
Global
	GlobalSection(SolutionConfigurationPlatforms) = preSolution
		Debug|Any CPU = Debug|Any CPU
		Release|Any CPU = Release|Any CPU
	EndGlobalSection
	GlobalSection(ProjectConfigurationPlatforms) = postSolution
		{7F61EC6C-71AC-43C6-973C-A6598D81B073}.Debug|Any CPU.ActiveCfg = Debug|Any CPU
		{7F61EC6C-71AC-43C6-973C-A6598D81B073}.Debug|Any CPU.Build.0 = Debug|Any CPU
		{7F61EC6C-71AC-43C6-973C-A6598D81B073}.Release|Any CPU.ActiveCfg = Release|Any CPU
		{7F61EC6C-71AC-43C6-973C-A6598D81B073}.Release|Any CPU.Build.0 = Release|Any CPU
	EndGlobalSection
	GlobalSection(SolutionProperties) = preSolution
		HideSolutionNode = FALSE
	EndGlobalSection
	GlobalSection(ExtensibilityGlobals) = postSolution
		SolutionGuid = {D728052C-592D-4CC8-9B3A-6072DB8A79A3}
	EndGlobalSection
EndGlobal
